
Microsoft Visual Studio Solution File, Format Version 12.00
# Visual Studio Version 17
VisualStudioVersion = 17.9.34622.214
MinimumVisualStudioVersion = 10.0.40219.1
Project("{FAE04EC0-301F-11D3-BF4B-00C04F79EFBC}") = "WindowsFormsApp3", "WindowsFormsApp3\WindowsFormsApp3.csproj", "{2CC2DC8A-7818-4830-AFD2-91EB46D31640}"
EndProject
Global
	GlobalSection(SolutionConfigurationPlatforms) = preSolution
		Debug|Any CPU = Debug|Any CPU
		Release|Any CPU = Release|Any CPU
	EndGlobalSection
	GlobalSection(ProjectConfigurationPlatforms) = postSolution
		{2CC2DC8A-7818-4830-AFD2-91EB46D31640}.Debug|Any CPU.ActiveCfg = Debug|Any CPU
		{2CC2DC8A-7818-4830-AFD2-91EB46D31640}.Debug|Any CPU.Build.0 = Debug|Any CPU
		{2CC2DC8A-7818-4830-AFD2-91EB46D31640}.Release|Any CPU.ActiveCfg = Release|Any CPU
		{2CC2DC8A-7818-4830-AFD2-91EB46D31640}.Release|Any CPU.Build.0 = Release|Any CPU
	EndGlobalSection
	GlobalSection(SolutionProperties) = preSolution
		HideSolutionNode = FALSE
	EndGlobalSection
	GlobalSection(ExtensibilityGlobals) = postSolution
		SolutionGuid = {C5B16BA1-2436-4BFA-9418-49BAAB64B1D6}
	EndGlobalSection
EndGlobal
